
Microsoft Visual Studio Solution File, Format Version 12.00
# Visual Studio Version 16
VisualStudioVersion = 16.0.31727.386
MinimumVisualStudioVersion = 10.0.40219.1
Project("{FAE04EC0-301F-11D3-BF4B-00C04F79EFBC}") = "OOP_9_11_ClothesIndustry", "OOP_9_11_ClothesIndustry\OOP_9_11_ClothesIndustry.csproj", "{1DDBD9F0-9FDB-4602-81B7-A0561E1087F5}"
EndProject
Project("{FAE04EC0-301F-11D3-BF4B-00C04F79EFBC}") = "DataStructures", "DataStructures\DataStructures.csproj", "{F7BF3B14-80FB-4793-9D24-86F4A2F0FDC2}"
EndProject
Project("{FAE04EC0-301F-11D3-BF4B-00C04F79EFBC}") = "ClothesFactory", "ClothesFactory\ClothesFactory.csproj", "{FE4E0E59-BD8E-4717-85D4-41D58E0DB0CD}"
EndProject
Project("{FAE04EC0-301F-11D3-BF4B-00C04F79EFBC}") = "Shop", "Shop\Shop.csproj", "{99D65C49-A01A-42D0-8CE4-0FD174308055}"
EndProject
Project("{2150E333-8FDC-42A3-9474-1A3956D46DE8}") = "Solution Items", "Solution Items", "{916FF508-FB36-4F26-86CE-3EE6302C6DEF}"
	ProjectSection(SolutionItems) = preProject
		data.txt = data.txt
	EndProjectSection
EndProject
Global
	GlobalSection(SolutionConfigurationPlatforms) = preSolution
		Debug|Any CPU = Debug|Any CPU
		Release|Any CPU = Release|Any CPU
	EndGlobalSection
	GlobalSection(ProjectConfigurationPlatforms) = postSolution
		{1DDBD9F0-9FDB-4602-81B7-A0561E1087F5}.Debug|Any CPU.ActiveCfg = Debug|Any CPU
		{1DDBD9F0-9FDB-4602-81B7-A0561E1087F5}.Debug|Any CPU.Build.0 = Debug|Any CPU
		{1DDBD9F0-9FDB-4602-81B7-A0561E1087F5}.Release|Any CPU.ActiveCfg = Release|Any CPU
		{1DDBD9F0-9FDB-4602-81B7-A0561E1087F5}.Release|Any CPU.Build.0 = Release|Any CPU
		{F7BF3B14-80FB-4793-9D24-86F4A2F0FDC2}.Debug|Any CPU.ActiveCfg = Debug|Any CPU
		{F7BF3B14-80FB-4793-9D24-86F4A2F0FDC2}.Debug|Any CPU.Build.0 = Debug|Any CPU
		{F7BF3B14-80FB-4793-9D24-86F4A2F0FDC2}.Release|Any CPU.ActiveCfg = Release|Any CPU
		{F7BF3B14-80FB-4793-9D24-86F4A2F0FDC2}.Release|Any CPU.Build.0 = Release|Any CPU
		{FE4E0E59-BD8E-4717-85D4-41D58E0DB0CD}.Debug|Any CPU.ActiveCfg = Debug|Any CPU
		{FE4E0E59-BD8E-4717-85D4-41D58E0DB0CD}.Debug|Any CPU.Build.0 = Debug|Any CPU
		{FE4E0E59-BD8E-4717-85D4-41D58E0DB0CD}.Release|Any CPU.ActiveCfg = Release|Any CPU
		{FE4E0E59-BD8E-4717-85D4-41D58E0DB0CD}.Release|Any CPU.Build.0 = Release|Any CPU
		{99D65C49-A01A-42D0-8CE4-0FD174308055}.Debug|Any CPU.ActiveCfg = Debug|Any CPU
		{99D65C49-A01A-42D0-8CE4-0FD174308055}.Debug|Any CPU.Build.0 = Debug|Any CPU
		{99D65C49-A01A-42D0-8CE4-0FD174308055}.Release|Any CPU.ActiveCfg = Release|Any CPU
		{99D65C49-A01A-42D0-8CE4-0FD174308055}.Release|Any CPU.Build.0 = Release|Any CPU
	EndGlobalSection
	GlobalSection(SolutionProperties) = preSolution
		HideSolutionNode = FALSE
	EndGlobalSection
	GlobalSection(ExtensibilityGlobals) = postSolution
		SolutionGuid = {E8994798-5459-4972-98B0-BBF11BD11DBC}
	EndGlobalSection
EndGlobal
